
Microsoft Visual Studio Solution File, Format Version 12.00
# Visual Studio Version 16
VisualStudioVersion = 16.0.31624.102
MinimumVisualStudioVersion = 10.0.40219.1
Project("{FAE04EC0-301F-11D3-BF4B-00C04F79EFBC}") = "BIOSproject", "BIOSproject\BIOSproject.csproj", "{79E78FE3-465E-44DF-B9C1-965C6FF95246}"
EndProject
Project("{FAE04EC0-301F-11D3-BF4B-00C04F79EFBC}") = "Domain", "Domain\Domain.csproj", "{515DE88B-4011-42B0-8EFE-F837C5F8ED92}"
EndProject
Project("{FAE04EC0-301F-11D3-BF4B-00C04F79EFBC}") = "ConnectionDB", "ConnectionDB\ConnectionDB.csproj", "{4E3C068A-CC92-44A5-B513-4744F8AE350E}"
EndProject
Global
	GlobalSection(SolutionConfigurationPlatforms) = preSolution
		Debug|Any CPU = Debug|Any CPU
		Release|Any CPU = Release|Any CPU
	EndGlobalSection
	GlobalSection(ProjectConfigurationPlatforms) = postSolution
		{79E78FE3-465E-44DF-B9C1-965C6FF95246}.Debug|Any CPU.ActiveCfg = Debug|Any CPU
		{79E78FE3-465E-44DF-B9C1-965C6FF95246}.Debug|Any CPU.Build.0 = Debug|Any CPU
		{79E78FE3-465E-44DF-B9C1-965C6FF95246}.Release|Any CPU.ActiveCfg = Release|Any CPU
		{79E78FE3-465E-44DF-B9C1-965C6FF95246}.Release|Any CPU.Build.0 = Release|Any CPU
		{515DE88B-4011-42B0-8EFE-F837C5F8ED92}.Debug|Any CPU.ActiveCfg = Debug|Any CPU
		{515DE88B-4011-42B0-8EFE-F837C5F8ED92}.Debug|Any CPU.Build.0 = Debug|Any CPU
		{515DE88B-4011-42B0-8EFE-F837C5F8ED92}.Release|Any CPU.ActiveCfg = Release|Any CPU
		{515DE88B-4011-42B0-8EFE-F837C5F8ED92}.Release|Any CPU.Build.0 = Release|Any CPU
		{4E3C068A-CC92-44A5-B513-4744F8AE350E}.Debug|Any CPU.ActiveCfg = Debug|Any CPU
		{4E3C068A-CC92-44A5-B513-4744F8AE350E}.Debug|Any CPU.Build.0 = Debug|Any CPU
		{4E3C068A-CC92-44A5-B513-4744F8AE350E}.Release|Any CPU.ActiveCfg = Release|Any CPU
		{4E3C068A-CC92-44A5-B513-4744F8AE350E}.Release|Any CPU.Build.0 = Release|Any CPU
	EndGlobalSection
	GlobalSection(SolutionProperties) = preSolution
		HideSolutionNode = FALSE
	EndGlobalSection
	GlobalSection(ExtensibilityGlobals) = postSolution
		SolutionGuid = {D4B03B29-0536-46EE-9821-F6EE01567E91}
	EndGlobalSection
EndGlobal
